
Microsoft Visual Studio Solution File, Format Version 12.00
# Visual Studio Version 17
VisualStudioVersion = 17.5.002.0
MinimumVisualStudioVersion = 10.0.40219.1
Project("{2150E333-8FDC-42A3-9474-1A3956D46DE8}") = "test", "test", "{A34F619C-476A-41C0-B9E6-81FEC9282DE5}"
EndProject
Project("{FAE04EC0-301F-11D3-BF4B-00C04F79EFBC}") = "RazorApp.Tests", "test\RazorApp.Tests\RazorApp.Tests.csproj", "{D849AEE6-C133-4363-8A64-05CEE3962A46}"
EndProject
Project("{FAE04EC0-301F-11D3-BF4B-00C04F79EFBC}") = "Chirp.Core", "src\Chirp.Core\Chirp.Core.csproj", "{DEA8D318-BDDE-4470-85C7-393AD4BAC105}"
EndProject
Project("{FAE04EC0-301F-11D3-BF4B-00C04F79EFBC}") = "Chirp.Infrastructure", "src\Chirp.Infrastructure\Chirp.Infrastructure.csproj", "{00F11C63-4978-419F-931C-F5E00043C957}"
EndProject
Project("{FAE04EC0-301F-11D3-BF4B-00C04F79EFBC}") = "Chirp.Web", "src\Chirp.Web\Chirp.Web.csproj", "{CCCBA13F-D569-4E59-8453-984D37AC3AD5}"
EndProject
Project("{FAE04EC0-301F-11D3-BF4B-00C04F79EFBC}") = "PlaywrightTests", "test\PlaywrightTests\PlaywrightTests.csproj", "{03368191-9A46-465B-8AFF-E5BE00B3BAFC}"
EndProject
Global
	GlobalSection(SolutionConfigurationPlatforms) = preSolution
		Debug|Any CPU = Debug|Any CPU
		Release|Any CPU = Release|Any CPU
	EndGlobalSection
	GlobalSection(ProjectConfigurationPlatforms) = postSolution
		{D849AEE6-C133-4363-8A64-05CEE3962A46}.Debug|Any CPU.ActiveCfg = Debug|Any CPU
		{D849AEE6-C133-4363-8A64-05CEE3962A46}.Debug|Any CPU.Build.0 = Debug|Any CPU
		{D849AEE6-C133-4363-8A64-05CEE3962A46}.Release|Any CPU.ActiveCfg = Release|Any CPU
		{D849AEE6-C133-4363-8A64-05CEE3962A46}.Release|Any CPU.Build.0 = Release|Any CPU
		{DEA8D318-BDDE-4470-85C7-393AD4BAC105}.Debug|Any CPU.ActiveCfg = Debug|Any CPU
		{DEA8D318-BDDE-4470-85C7-393AD4BAC105}.Debug|Any CPU.Build.0 = Debug|Any CPU
		{DEA8D318-BDDE-4470-85C7-393AD4BAC105}.Release|Any CPU.ActiveCfg = Release|Any CPU
		{DEA8D318-BDDE-4470-85C7-393AD4BAC105}.Release|Any CPU.Build.0 = Release|Any CPU
		{00F11C63-4978-419F-931C-F5E00043C957}.Debug|Any CPU.ActiveCfg = Debug|Any CPU
		{00F11C63-4978-419F-931C-F5E00043C957}.Debug|Any CPU.Build.0 = Debug|Any CPU
		{00F11C63-4978-419F-931C-F5E00043C957}.Release|Any CPU.ActiveCfg = Release|Any CPU
		{00F11C63-4978-419F-931C-F5E00043C957}.Release|Any CPU.Build.0 = Release|Any CPU
		{CCCBA13F-D569-4E59-8453-984D37AC3AD5}.Debug|Any CPU.ActiveCfg = Debug|Any CPU
		{CCCBA13F-D569-4E59-8453-984D37AC3AD5}.Debug|Any CPU.Build.0 = Debug|Any CPU
		{CCCBA13F-D569-4E59-8453-984D37AC3AD5}.Release|Any CPU.ActiveCfg = Release|Any CPU
		{CCCBA13F-D569-4E59-8453-984D37AC3AD5}.Release|Any CPU.Build.0 = Release|Any CPU
		{03368191-9A46-465B-8AFF-E5BE00B3BAFC}.Debug|Any CPU.ActiveCfg = Debug|Any CPU
		{03368191-9A46-465B-8AFF-E5BE00B3BAFC}.Debug|Any CPU.Build.0 = Debug|Any CPU
		{03368191-9A46-465B-8AFF-E5BE00B3BAFC}.Release|Any CPU.ActiveCfg = Release|Any CPU
		{03368191-9A46-465B-8AFF-E5BE00B3BAFC}.Release|Any CPU.Build.0 = Release|Any CPU
	EndGlobalSection
	GlobalSection(SolutionProperties) = preSolution
		HideSolutionNode = FALSE
	EndGlobalSection
	GlobalSection(ExtensibilityGlobals) = postSolution
		SolutionGuid = {95AFC122-9AD1-4DCF-A7BC-DC3A41A9F7A2}
	EndGlobalSection
	GlobalSection(NestedProjects) = preSolution
		{D849AEE6-C133-4363-8A64-05CEE3962A46} = {A34F619C-476A-41C0-B9E6-81FEC9282DE5}
		{03368191-9A46-465B-8AFF-E5BE00B3BAFC} = {A34F619C-476A-41C0-B9E6-81FEC9282DE5}
	EndGlobalSection
EndGlobal
